
Microsoft Visual Studio Solution File, Format Version 12.00
# Visual Studio 15
VisualStudioVersion = 15.0.26124.0
MinimumVisualStudioVersion = 15.0.26124.0
Project("{FAE04EC0-301F-11D3-BF4B-00C04F79EFBC}") = "messages-listener", "messages-listener\messages-listener.csproj", "{5CCABDA8-9CE7-4149-BE13-417706220295}"
EndProject
Project("{FAE04EC0-301F-11D3-BF4B-00C04F79EFBC}") = "messages-publisher", "messages-publisher\messages-publisher.csproj", "{66003DEB-D5AB-446F-B5DF-D2E4BCC4A6AA}"
EndProject
Project("{FAE04EC0-301F-11D3-BF4B-00C04F79EFBC}") = "messages-contracts", "messages-contracts\messages-contracts.csproj", "{8A78E3C3-7226-42D4-A6A2-3E45B22AD11E}"
EndProject
Global
	GlobalSection(SolutionConfigurationPlatforms) = preSolution
		Debug|Any CPU = Debug|Any CPU
		Debug|x64 = Debug|x64
		Debug|x86 = Debug|x86
		Release|Any CPU = Release|Any CPU
		Release|x64 = Release|x64
		Release|x86 = Release|x86
	EndGlobalSection
	GlobalSection(SolutionProperties) = preSolution
		HideSolutionNode = FALSE
	EndGlobalSection
	GlobalSection(ProjectConfigurationPlatforms) = postSolution
		{5CCABDA8-9CE7-4149-BE13-417706220295}.Debug|Any CPU.ActiveCfg = Debug|Any CPU
		{5CCABDA8-9CE7-4149-BE13-417706220295}.Debug|Any CPU.Build.0 = Debug|Any CPU
		{5CCABDA8-9CE7-4149-BE13-417706220295}.Debug|x64.ActiveCfg = Debug|Any CPU
		{5CCABDA8-9CE7-4149-BE13-417706220295}.Debug|x64.Build.0 = Debug|Any CPU
		{5CCABDA8-9CE7-4149-BE13-417706220295}.Debug|x86.ActiveCfg = Debug|Any CPU
		{5CCABDA8-9CE7-4149-BE13-417706220295}.Debug|x86.Build.0 = Debug|Any CPU
		{5CCABDA8-9CE7-4149-BE13-417706220295}.Release|Any CPU.ActiveCfg = Release|Any CPU
		{5CCABDA8-9CE7-4149-BE13-417706220295}.Release|Any CPU.Build.0 = Release|Any CPU
		{5CCABDA8-9CE7-4149-BE13-417706220295}.Release|x64.ActiveCfg = Release|Any CPU
		{5CCABDA8-9CE7-4149-BE13-417706220295}.Release|x64.Build.0 = Release|Any CPU
		{5CCABDA8-9CE7-4149-BE13-417706220295}.Release|x86.ActiveCfg = Release|Any CPU
		{5CCABDA8-9CE7-4149-BE13-417706220295}.Release|x86.Build.0 = Release|Any CPU
		{66003DEB-D5AB-446F-B5DF-D2E4BCC4A6AA}.Debug|Any CPU.ActiveCfg = Debug|Any CPU
		{66003DEB-D5AB-446F-B5DF-D2E4BCC4A6AA}.Debug|Any CPU.Build.0 = Debug|Any CPU
		{66003DEB-D5AB-446F-B5DF-D2E4BCC4A6AA}.Debug|x64.ActiveCfg = Debug|Any CPU
		{66003DEB-D5AB-446F-B5DF-D2E4BCC4A6AA}.Debug|x64.Build.0 = Debug|Any CPU
		{66003DEB-D5AB-446F-B5DF-D2E4BCC4A6AA}.Debug|x86.ActiveCfg = Debug|Any CPU
		{66003DEB-D5AB-446F-B5DF-D2E4BCC4A6AA}.Debug|x86.Build.0 = Debug|Any CPU
		{66003DEB-D5AB-446F-B5DF-D2E4BCC4A6AA}.Release|Any CPU.ActiveCfg = Release|Any CPU
		{66003DEB-D5AB-446F-B5DF-D2E4BCC4A6AA}.Release|Any CPU.Build.0 = Release|Any CPU
		{66003DEB-D5AB-446F-B5DF-D2E4BCC4A6AA}.Release|x64.ActiveCfg = Release|Any CPU
		{66003DEB-D5AB-446F-B5DF-D2E4BCC4A6AA}.Release|x64.Build.0 = Release|Any CPU
		{66003DEB-D5AB-446F-B5DF-D2E4BCC4A6AA}.Release|x86.ActiveCfg = Release|Any CPU
		{66003DEB-D5AB-446F-B5DF-D2E4BCC4A6AA}.Release|x86.Build.0 = Release|Any CPU
		{8A78E3C3-7226-42D4-A6A2-3E45B22AD11E}.Debug|Any CPU.ActiveCfg = Debug|Any CPU
		{8A78E3C3-7226-42D4-A6A2-3E45B22AD11E}.Debug|Any CPU.Build.0 = Debug|Any CPU
		{8A78E3C3-7226-42D4-A6A2-3E45B22AD11E}.Debug|x64.ActiveCfg = Debug|Any CPU
		{8A78E3C3-7226-42D4-A6A2-3E45B22AD11E}.Debug|x64.Build.0 = Debug|Any CPU
		{8A78E3C3-7226-42D4-A6A2-3E45B22AD11E}.Debug|x86.ActiveCfg = Debug|Any CPU
		{8A78E3C3-7226-42D4-A6A2-3E45B22AD11E}.Debug|x86.Build.0 = Debug|Any CPU
		{8A78E3C3-7226-42D4-A6A2-3E45B22AD11E}.Release|Any CPU.ActiveCfg = Release|Any CPU
		{8A78E3C3-7226-42D4-A6A2-3E45B22AD11E}.Release|Any CPU.Build.0 = Release|Any CPU
		{8A78E3C3-7226-42D4-A6A2-3E45B22AD11E}.Release|x64.ActiveCfg = Release|Any CPU
		{8A78E3C3-7226-42D4-A6A2-3E45B22AD11E}.Release|x64.Build.0 = Release|Any CPU
		{8A78E3C3-7226-42D4-A6A2-3E45B22AD11E}.Release|x86.ActiveCfg = Release|Any CPU
		{8A78E3C3-7226-42D4-A6A2-3E45B22AD11E}.Release|x86.Build.0 = Release|Any CPU
	EndGlobalSection
EndGlobal
